{
  "name": "TransitPal",
  "lockfileVersion": 3,
  "requires": true,
  "packages": {
    "": {
      "dependencies": {
        "autoskills": "^0.2.7"
      }
    },
    "node_modules/autoskills": {
      "version": "0.2.7",
      "resolved": "https://registry.npmjs.org/autoskills/-/autoskills-0.2.7.tgz",
      "integrity": "sha512-MznZU6kT1dsqL3Mb44ZB8HT6FuZXgWtjwjjCb+ejxZeVnLwgPGUSrhwtimgYPu64SOEhTMttiYbdvLwLfMlkhg==",
      "license": "CC-BY-NC-4.0",
      "bin": {
        "autoskills": "index.mjs"
      },
      "engines": {
        "node": ">=22.6.0"
      }
    }
  }
}
